
Microsoft Visual Studio Solution File, Format Version 12.00
# Visual Studio Version 17
VisualStudioVersion = 17.4.33110.190
MinimumVisualStudioVersion = 10.0.40219.1
Project("{9A19103F-16F7-4668-BE54-9A1E7A4F7556}") = "Marbles", "Marbles\Marbles.csproj", "{D565154D-176E-4CDB-BE27-C00F55DDAA94}"
EndProject
Project("{9A19103F-16F7-4668-BE54-9A1E7A4F7556}") = "Ada and Teams", "Ada and Teams\Ada and Teams.csproj", "{E3220E33-5726-416A-B4A1-90400D9B4E7B}"
EndProject
Project("{9A19103F-16F7-4668-BE54-9A1E7A4F7556}") = "GO GOA GONE", "GO GOA GONE\GO GOA GONE.csproj", "{026202DC-184E-4F4F-84E3-586370BB0732}"
EndProject
Project("{9A19103F-16F7-4668-BE54-9A1E7A4F7556}") = "Rectangles", "Rectangles\Rectangles.csproj", "{8BF50553-06C0-448F-A693-32BE86C93321}"
EndProject
Project("{9A19103F-16F7-4668-BE54-9A1E7A4F7556}") = "Tautology", "Tautology\Tautology.csproj", "{E791D4DB-1349-4BF1-8573-085006F36771}"
EndProject
Project("{9A19103F-16F7-4668-BE54-9A1E7A4F7556}") = "BREAKING", "BREAKING\BREAKING.csproj", "{8F9A8851-BFE2-4AE8-A703-08FBDD173895}"
EndProject
Project("{9A19103F-16F7-4668-BE54-9A1E7A4F7556}") = "TPCO7 - CHANGE", "TPCO7 - CHANGE\TPCO7 - CHANGE.csproj", "{E3D888F8-BCF0-4CEB-B367-6A8C3D0BCC15}"
EndProject
Project("{9A19103F-16F7-4668-BE54-9A1E7A4F7556}") = "MMFTEAM", "MMFTEAM\MMFTEAM.csproj", "{C810571B-A0FA-4A6C-A2BD-473E9C90976E}"
EndProject
Project("{FAE04EC0-301F-11D3-BF4B-00C04F79EFBC}") = "RKS", "RKS\RKS.csproj", "{37AF55BE-C98E-4194-B76B-C6BAD4CF5BAF}"
EndProject
Project("{FAE04EC0-301F-11D3-BF4B-00C04F79EFBC}") = "KEYLOGGER", "KEYLOGGER\KEYLOGGER.csproj", "{DACBE845-59AA-4E92-BC38-06CC62801A13}"
EndProject
Project("{FAE04EC0-301F-11D3-BF4B-00C04F79EFBC}") = "Alien", "Alien\Alien.csproj", "{5D64E525-8574-429E-B34C-619BDD1E4246}"
EndProject
Project("{FAE04EC0-301F-11D3-BF4B-00C04F79EFBC}") = "BITMAP", "BITMAP\BITMAP.csproj", "{0A2512CA-3447-4674-99D2-5FE7F7709760}"
EndProject
Project("{FAE04EC0-301F-11D3-BF4B-00C04F79EFBC}") = "Cake", "Cake\Cake.csproj", "{336D6B72-34BA-434D-BD95-DD11B2ABD23F}"
EndProject
Project("{FAE04EC0-301F-11D3-BF4B-00C04F79EFBC}") = "HASHit", "HASHit\HASHit.csproj", "{37BB833D-34C9-4001-8386-08AE1F124239}"
EndProject
Project("{FAE04EC0-301F-11D3-BF4B-00C04F79EFBC}") = "HEAP", "HEAP\HEAP.csproj", "{024426D9-C2FF-433A-8CE7-C0AF7CCCC696}"
EndProject
Project("{FAE04EC0-301F-11D3-BF4B-00C04F79EFBC}") = "MOHIBPIZZA", "MOHIBPIZZA\MOHIBPIZZA.csproj", "{EE979269-F1E7-4CD3-99C9-0536C119DE96}"
EndProject
Project("{FAE04EC0-301F-11D3-BF4B-00C04F79EFBC}") = "ONP", "ONP - Transform the Expression\ONP.csproj", "{C4814354-A2AE-4051-B00C-1D9B64295C71}"
EndProject
Project("{FAE04EC0-301F-11D3-BF4B-00C04F79EFBC}") = "TBATTLE", "TBATTLE\TBATTLE.csproj", "{6A7B3253-4B69-484C-86D8-F5027513F289}"
EndProject
Global
	GlobalSection(SolutionConfigurationPlatforms) = preSolution
		Debug|Any CPU = Debug|Any CPU
		Release|Any CPU = Release|Any CPU
	EndGlobalSection
	GlobalSection(ProjectConfigurationPlatforms) = postSolution
		{D565154D-176E-4CDB-BE27-C00F55DDAA94}.Debug|Any CPU.ActiveCfg = Debug|Any CPU
		{D565154D-176E-4CDB-BE27-C00F55DDAA94}.Debug|Any CPU.Build.0 = Debug|Any CPU
		{D565154D-176E-4CDB-BE27-C00F55DDAA94}.Release|Any CPU.ActiveCfg = Release|Any CPU
		{D565154D-176E-4CDB-BE27-C00F55DDAA94}.Release|Any CPU.Build.0 = Release|Any CPU
		{E3220E33-5726-416A-B4A1-90400D9B4E7B}.Debug|Any CPU.ActiveCfg = Debug|Any CPU
		{E3220E33-5726-416A-B4A1-90400D9B4E7B}.Debug|Any CPU.Build.0 = Debug|Any CPU
		{E3220E33-5726-416A-B4A1-90400D9B4E7B}.Release|Any CPU.ActiveCfg = Release|Any CPU
		{E3220E33-5726-416A-B4A1-90400D9B4E7B}.Release|Any CPU.Build.0 = Release|Any CPU
		{026202DC-184E-4F4F-84E3-586370BB0732}.Debug|Any CPU.ActiveCfg = Debug|Any CPU
		{026202DC-184E-4F4F-84E3-586370BB0732}.Debug|Any CPU.Build.0 = Debug|Any CPU
		{026202DC-184E-4F4F-84E3-586370BB0732}.Release|Any CPU.ActiveCfg = Release|Any CPU
		{026202DC-184E-4F4F-84E3-586370BB0732}.Release|Any CPU.Build.0 = Release|Any CPU
		{8BF50553-06C0-448F-A693-32BE86C93321}.Debug|Any CPU.ActiveCfg = Debug|Any CPU
		{8BF50553-06C0-448F-A693-32BE86C93321}.Debug|Any CPU.Build.0 = Debug|Any CPU
		{8BF50553-06C0-448F-A693-32BE86C93321}.Release|Any CPU.ActiveCfg = Release|Any CPU
		{8BF50553-06C0-448F-A693-32BE86C93321}.Release|Any CPU.Build.0 = Release|Any CPU
		{E791D4DB-1349-4BF1-8573-085006F36771}.Debug|Any CPU.ActiveCfg = Debug|Any CPU
		{E791D4DB-1349-4BF1-8573-085006F36771}.Debug|Any CPU.Build.0 = Debug|Any CPU
		{E791D4DB-1349-4BF1-8573-085006F36771}.Release|Any CPU.ActiveCfg = Release|Any CPU
		{E791D4DB-1349-4BF1-8573-085006F36771}.Release|Any CPU.Build.0 = Release|Any CPU
		{8F9A8851-BFE2-4AE8-A703-08FBDD173895}.Debug|Any CPU.ActiveCfg = Debug|Any CPU
		{8F9A8851-BFE2-4AE8-A703-08FBDD173895}.Debug|Any CPU.Build.0 = Debug|Any CPU
		{8F9A8851-BFE2-4AE8-A703-08FBDD173895}.Release|Any CPU.ActiveCfg = Release|Any CPU
		{8F9A8851-BFE2-4AE8-A703-08FBDD173895}.Release|Any CPU.Build.0 = Release|Any CPU
		{E3D888F8-BCF0-4CEB-B367-6A8C3D0BCC15}.Debug|Any CPU.ActiveCfg = Debug|Any CPU
		{E3D888F8-BCF0-4CEB-B367-6A8C3D0BCC15}.Debug|Any CPU.Build.0 = Debug|Any CPU
		{E3D888F8-BCF0-4CEB-B367-6A8C3D0BCC15}.Release|Any CPU.ActiveCfg = Release|Any CPU
		{E3D888F8-BCF0-4CEB-B367-6A8C3D0BCC15}.Release|Any CPU.Build.0 = Release|Any CPU
		{C810571B-A0FA-4A6C-A2BD-473E9C90976E}.Debug|Any CPU.ActiveCfg = Debug|Any CPU
		{C810571B-A0FA-4A6C-A2BD-473E9C90976E}.Debug|Any CPU.Build.0 = Debug|Any CPU
		{C810571B-A0FA-4A6C-A2BD-473E9C90976E}.Release|Any CPU.ActiveCfg = Release|Any CPU
		{C810571B-A0FA-4A6C-A2BD-473E9C90976E}.Release|Any CPU.Build.0 = Release|Any CPU
		{37AF55BE-C98E-4194-B76B-C6BAD4CF5BAF}.Debug|Any CPU.ActiveCfg = Debug|Any CPU
		{37AF55BE-C98E-4194-B76B-C6BAD4CF5BAF}.Debug|Any CPU.Build.0 = Debug|Any CPU
		{37AF55BE-C98E-4194-B76B-C6BAD4CF5BAF}.Release|Any CPU.ActiveCfg = Release|Any CPU
		{37AF55BE-C98E-4194-B76B-C6BAD4CF5BAF}.Release|Any CPU.Build.0 = Release|Any CPU
		{DACBE845-59AA-4E92-BC38-06CC62801A13}.Debug|Any CPU.ActiveCfg = Debug|Any CPU
		{DACBE845-59AA-4E92-BC38-06CC62801A13}.Debug|Any CPU.Build.0 = Debug|Any CPU
		{DACBE845-59AA-4E92-BC38-06CC62801A13}.Release|Any CPU.ActiveCfg = Release|Any CPU
		{DACBE845-59AA-4E92-BC38-06CC62801A13}.Release|Any CPU.Build.0 = Release|Any CPU
		{5D64E525-8574-429E-B34C-619BDD1E4246}.Debug|Any CPU.ActiveCfg = Debug|Any CPU
		{5D64E525-8574-429E-B34C-619BDD1E4246}.Debug|Any CPU.Build.0 = Debug|Any CPU
		{5D64E525-8574-429E-B34C-619BDD1E4246}.Release|Any CPU.ActiveCfg = Release|Any CPU
		{5D64E525-8574-429E-B34C-619BDD1E4246}.Release|Any CPU.Build.0 = Release|Any CPU
		{0A2512CA-3447-4674-99D2-5FE7F7709760}.Debug|Any CPU.ActiveCfg = Debug|Any CPU
		{0A2512CA-3447-4674-99D2-5FE7F7709760}.Debug|Any CPU.Build.0 = Debug|Any CPU
		{0A2512CA-3447-4674-99D2-5FE7F7709760}.Release|Any CPU.ActiveCfg = Release|Any CPU
		{0A2512CA-3447-4674-99D2-5FE7F7709760}.Release|Any CPU.Build.0 = Release|Any CPU
		{336D6B72-34BA-434D-BD95-DD11B2ABD23F}.Debug|Any CPU.ActiveCfg = Debug|Any CPU
		{336D6B72-34BA-434D-BD95-DD11B2ABD23F}.Debug|Any CPU.Build.0 = Debug|Any CPU
		{336D6B72-34BA-434D-BD95-DD11B2ABD23F}.Release|Any CPU.ActiveCfg = Release|Any CPU
		{336D6B72-34BA-434D-BD95-DD11B2ABD23F}.Release|Any CPU.Build.0 = Release|Any CPU
		{37BB833D-34C9-4001-8386-08AE1F124239}.Debug|Any CPU.ActiveCfg = Debug|Any CPU
		{37BB833D-34C9-4001-8386-08AE1F124239}.Debug|Any CPU.Build.0 = Debug|Any CPU
		{37BB833D-34C9-4001-8386-08AE1F124239}.Release|Any CPU.ActiveCfg = Release|Any CPU
		{37BB833D-34C9-4001-8386-08AE1F124239}.Release|Any CPU.Build.0 = Release|Any CPU
		{024426D9-C2FF-433A-8CE7-C0AF7CCCC696}.Debug|Any CPU.ActiveCfg = Debug|Any CPU
		{024426D9-C2FF-433A-8CE7-C0AF7CCCC696}.Debug|Any CPU.Build.0 = Debug|Any CPU
		{024426D9-C2FF-433A-8CE7-C0AF7CCCC696}.Release|Any CPU.ActiveCfg = Release|Any CPU
		{024426D9-C2FF-433A-8CE7-C0AF7CCCC696}.Release|Any CPU.Build.0 = Release|Any CPU
		{EE979269-F1E7-4CD3-99C9-0536C119DE96}.Debug|Any CPU.ActiveCfg = Debug|Any CPU
		{EE979269-F1E7-4CD3-99C9-0536C119DE96}.Debug|Any CPU.Build.0 = Debug|Any CPU
		{EE979269-F1E7-4CD3-99C9-0536C119DE96}.Release|Any CPU.ActiveCfg = Release|Any CPU
		{EE979269-F1E7-4CD3-99C9-0536C119DE96}.Release|Any CPU.Build.0 = Release|Any CPU
		{C4814354-A2AE-4051-B00C-1D9B64295C71}.Debug|Any CPU.ActiveCfg = Debug|Any CPU
		{C4814354-A2AE-4051-B00C-1D9B64295C71}.Debug|Any CPU.Build.0 = Debug|Any CPU
		{C4814354-A2AE-4051-B00C-1D9B64295C71}.Release|Any CPU.ActiveCfg = Release|Any CPU
		{C4814354-A2AE-4051-B00C-1D9B64295C71}.Release|Any CPU.Build.0 = Release|Any CPU
		{6A7B3253-4B69-484C-86D8-F5027513F289}.Debug|Any CPU.ActiveCfg = Debug|Any CPU
		{6A7B3253-4B69-484C-86D8-F5027513F289}.Debug|Any CPU.Build.0 = Debug|Any CPU
		{6A7B3253-4B69-484C-86D8-F5027513F289}.Release|Any CPU.ActiveCfg = Release|Any CPU
		{6A7B3253-4B69-484C-86D8-F5027513F289}.Release|Any CPU.Build.0 = Release|Any CPU
	EndGlobalSection
	GlobalSection(SolutionProperties) = preSolution
		HideSolutionNode = FALSE
	EndGlobalSection
	GlobalSection(ExtensibilityGlobals) = postSolution
		SolutionGuid = {394F19C8-CBB7-4071-875A-44F29BA90FB6}
	EndGlobalSection
EndGlobal
